<Solution>
  <Folder Name="/Solution Items/">
    <File Path=".editorconfig" />
    <File Path=".github/workflows/docker-publish.yml" />
    <File Path=".gitignore" />
    <File Path="EddnIndexLookup.Dockerfile" />
    <File Path="EddnIndexUpdate.Dockerfile" />
  </Folder>
  <Project Path="EddnIndexUpdate/EddnIndexUpdate.csproj" />
  <Project Path="EddnIndex.Common/EddnIndex.Common.csproj" Id="ea61cff8-ecec-4c3f-9c9d-e7d4b9a3c447" />
  <Project Path="EddnIndex.Migrations/EddnIndex.Migrations.csproj" Id="d90c7c9d-e802-4d56-a94d-a42d616b0ddd" />
  <Project Path="EddnIndex.Tests/EddnIndex.Tests.csproj" Id="35ce140b-9134-4b1c-843a-b5494b0f2f9c" />
  <Project Path="EddnIndexLookup/EddnIndexLookup.csproj" Id="2f2d695c-07ac-472c-90bc-f406c49ef88b" />
  <Project Path="Migrations_MariaDB/EddnIndex.Migrations.MariaDB.csproj" />
  <Project Path="Migrations_Sqlite/EddnIndex.Migrations.Sqlite.csproj" />
  <Project Path="Migrations_SqlServer/EddnIndex.Migrations.SqlServer.csproj" />
</Solution>
