<Solution>
  <Project Path="EddnIndexUpdate/EddnIndexUpdate.csproj" />
  <Project Path="EddnLookup/EddnLookup.csproj" Id="2f2d695c-07ac-472c-90bc-f406c49ef88b" />
  <Project Path="Migrations_MariaDB/EddnIndexUpdate.Migrations_MariaDB.csproj" />
  <Project Path="Migrations_Sqlite/EddnIndexUpdate.Migrations_Sqlite.csproj" />
  <Project Path="Migrations_SqlServer/EddnIndexUpdate.Migrations_SqlServer.csproj" />
</Solution>
